<?xml version="1.0" encoding="utf-8"?>
<Project ToolsVersion="15.0" xmlns="http://schemas.microsoft.com/developer/msbuild/2003">
  <ItemGroup>
    <ClCompile Include="C:\set08116\labs\practicals\35_Geometry_Builder\35_Geometry_Builder.cpp">
      <Filter>Source Files</Filter>
    </ClCompile>
  </ItemGroup>
  <ItemGroup>
    <CustomBuild Include="C:\set08116\labs\CMakeLists.txt" />
  </ItemGroup>
  <ItemGroup>
    <Filter Include="Source Files">
      <UniqueIdentifier>{E5885A28-DB09-34E7-B9E5-2F86564A292B}</UniqueIdentifier>
    </Filter>
  </ItemGroup>
</Project>
