Microsoft Visual Studio Solution File, Format Version 12.00
# Visual Studio 15
Project("{2150E333-8FDC-42A3-9474-1A3956D46DE8}") = "CMakePredefinedTargets", "CMakePredefinedTargets", "{AF9C804D-EF2B-3222-9BDB-D27933D27B46}"
EndProject
Project("{2150E333-8FDC-42A3-9474-1A3956D46DE8}") = "DEPS", "DEPS", "{140B93CD-0C06-31CB-9AA5-9ED4D23DC231}"
EndProject
Project("{2150E333-8FDC-42A3-9474-1A3956D46DE8}") = "JUNK", "JUNK", "{181FAEA2-A0D6-3EBA-9835-301CD6ED0E95}"
EndProject
Project("{8BC9CEB8-8B4A-11D0-8D11-00A0C91BC942}") = "ALL_BUILD", "ALL_BUILD.vcxproj", "{F25D62A7-4CD6-3F80-8596-CA4950C3169F}"
	ProjectSection(ProjectDependencies) = postProject
		{1E38D722-8DF6-3988-9ED3-30DE9AFFD5F2} = {1E38D722-8DF6-3988-9ED3-30DE9AFFD5F2}
		{9CBE2520-3A83-3B0F-A891-D6C031ED6426} = {9CBE2520-3A83-3B0F-A891-D6C031ED6426}
		{7DC26A5E-2F17-38B5-B577-8E16D77B5524} = {7DC26A5E-2F17-38B5-B577-8E16D77B5524}
		{9635DAB2-FA75-34B1-BD61-802091659E06} = {9635DAB2-FA75-34B1-BD61-802091659E06}
		{E7885323-65F0-3865-BE4D-656E32664302} = {E7885323-65F0-3865-BE4D-656E32664302}
		{2602EC20-E768-3484-AFD3-F3C745F5E4E9} = {2602EC20-E768-3484-AFD3-F3C745F5E4E9}
		{7F920DDD-A7FE-37E8-A2DF-860BA36800AA} = {7F920DDD-A7FE-37E8-A2DF-860BA36800AA}
		{6DC83391-8E83-3AB0-A523-C3F4D811BAC1} = {6DC83391-8E83-3AB0-A523-C3F4D811BAC1}
		{9DC2EBEA-9013-39C5-99B4-D38A29DA847A} = {9DC2EBEA-9013-39C5-99B4-D38A29DA847A}
		{D168C493-A60D-37AD-B46E-932348FF955E} = {D168C493-A60D-37AD-B46E-932348FF955E}
	EndProjectSection
EndProject
Project("{8BC9CEB8-8B4A-11D0-8D11-00A0C91BC942}") = "INSTALL", "INSTALL.vcxproj", "{7E6E67A9-CB70-39CD-BC75-A3FE8B98E3A9}"
	ProjectSection(ProjectDependencies) = postProject
		{F25D62A7-4CD6-3F80-8596-CA4950C3169F} = {F25D62A7-4CD6-3F80-8596-CA4950C3169F}
		{9CBE2520-3A83-3B0F-A891-D6C031ED6426} = {9CBE2520-3A83-3B0F-A891-D6C031ED6426}
	EndProjectSection
EndProject
Project("{8BC9CEB8-8B4A-11D0-8D11-00A0C91BC942}") = "IrrXML", "lib\assimp\contrib\irrXML\IrrXML.vcxproj", "{1E38D722-8DF6-3988-9ED3-30DE9AFFD5F2}"
	ProjectSection(ProjectDependencies) = postProject
		{9CBE2520-3A83-3B0F-A891-D6C031ED6426} = {9CBE2520-3A83-3B0F-A891-D6C031ED6426}
	EndProjectSection
EndProject
Project("{8BC9CEB8-8B4A-11D0-8D11-00A0C91BC942}") = "UpdateAssimpLibsDebugSymbolsAndDLLs", "lib\assimp\UpdateAssimpLibsDebugSymbolsAndDLLs.vcxproj", "{4E48D29B-A0DE-34DD-8A4C-86E10F0DFF3F}"
	ProjectSection(ProjectDependencies) = postProject
		{9CBE2520-3A83-3B0F-A891-D6C031ED6426} = {9CBE2520-3A83-3B0F-A891-D6C031ED6426}
	EndProjectSection
EndProject
Project("{8BC9CEB8-8B4A-11D0-8D11-00A0C91BC942}") = "ZERO_CHECK", "..\\ZERO_CHECK.vcxproj", "{9CBE2520-3A83-3B0F-A891-D6C031ED6426}"
	ProjectSection(ProjectDependencies) = postProject
	EndProjectSection
EndProject
Project("{8BC9CEB8-8B4A-11D0-8D11-00A0C91BC942}") = "assimp", "lib\assimp\code\assimp.vcxproj", "{7DC26A5E-2F17-38B5-B577-8E16D77B5524}"
	ProjectSection(ProjectDependencies) = postProject
		{1E38D722-8DF6-3988-9ED3-30DE9AFFD5F2} = {1E38D722-8DF6-3988-9ED3-30DE9AFFD5F2}
		{9CBE2520-3A83-3B0F-A891-D6C031ED6426} = {9CBE2520-3A83-3B0F-A891-D6C031ED6426}
		{D168C493-A60D-37AD-B46E-932348FF955E} = {D168C493-A60D-37AD-B46E-932348FF955E}
	EndProjectSection
EndProject
Project("{8BC9CEB8-8B4A-11D0-8D11-00A0C91BC942}") = "enu_graphics_framework", "enu_graphics_framework.vcxproj", "{9635DAB2-FA75-34B1-BD61-802091659E06}"
	ProjectSection(ProjectDependencies) = postProject
		{1E38D722-8DF6-3988-9ED3-30DE9AFFD5F2} = {1E38D722-8DF6-3988-9ED3-30DE9AFFD5F2}
		{9CBE2520-3A83-3B0F-A891-D6C031ED6426} = {9CBE2520-3A83-3B0F-A891-D6C031ED6426}
		{7DC26A5E-2F17-38B5-B577-8E16D77B5524} = {7DC26A5E-2F17-38B5-B577-8E16D77B5524}
		{E7885323-65F0-3865-BE4D-656E32664302} = {E7885323-65F0-3865-BE4D-656E32664302}
		{6DC83391-8E83-3AB0-A523-C3F4D811BAC1} = {6DC83391-8E83-3AB0-A523-C3F4D811BAC1}
		{D168C493-A60D-37AD-B46E-932348FF955E} = {D168C493-A60D-37AD-B46E-932348FF955E}
	EndProjectSection
EndProject
Project("{8BC9CEB8-8B4A-11D0-8D11-00A0C91BC942}") = "glfw", "lib\glfw\src\glfw.vcxproj", "{E7885323-65F0-3865-BE4D-656E32664302}"
	ProjectSection(ProjectDependencies) = postProject
		{9CBE2520-3A83-3B0F-A891-D6C031ED6426} = {9CBE2520-3A83-3B0F-A891-D6C031ED6426}
	EndProjectSection
EndProject
Project("{8BC9CEB8-8B4A-11D0-8D11-00A0C91BC942}") = "glm_shared", "lib\glm\glm\glm_shared.vcxproj", "{2602EC20-E768-3484-AFD3-F3C745F5E4E9}"
	ProjectSection(ProjectDependencies) = postProject
		{9CBE2520-3A83-3B0F-A891-D6C031ED6426} = {9CBE2520-3A83-3B0F-A891-D6C031ED6426}
	EndProjectSection
EndProject
Project("{8BC9CEB8-8B4A-11D0-8D11-00A0C91BC942}") = "glm_static", "lib\glm\glm\glm_static.vcxproj", "{7F920DDD-A7FE-37E8-A2DF-860BA36800AA}"
	ProjectSection(ProjectDependencies) = postProject
		{9CBE2520-3A83-3B0F-A891-D6C031ED6426} = {9CBE2520-3A83-3B0F-A891-D6C031ED6426}
	EndProjectSection
EndProject
Project("{8BC9CEB8-8B4A-11D0-8D11-00A0C91BC942}") = "libglew_shared", "lib\glew\libglew_shared.vcxproj", "{6DC83391-8E83-3AB0-A523-C3F4D811BAC1}"
	ProjectSection(ProjectDependencies) = postProject
		{9CBE2520-3A83-3B0F-A891-D6C031ED6426} = {9CBE2520-3A83-3B0F-A891-D6C031ED6426}
	EndProjectSection
EndProject
Project("{8BC9CEB8-8B4A-11D0-8D11-00A0C91BC942}") = "uninstall", "lib\glm\uninstall.vcxproj", "{44418265-8D92-39EC-B4D0-57778135D814}"
	ProjectSection(ProjectDependencies) = postProject
		{9CBE2520-3A83-3B0F-A891-D6C031ED6426} = {9CBE2520-3A83-3B0F-A891-D6C031ED6426}
	EndProjectSection
EndProject
Project("{8BC9CEB8-8B4A-11D0-8D11-00A0C91BC942}") = "zlib", "lib\assimp\contrib\zlib\zlib.vcxproj", "{9DC2EBEA-9013-39C5-99B4-D38A29DA847A}"
	ProjectSection(ProjectDependencies) = postProject
		{9CBE2520-3A83-3B0F-A891-D6C031ED6426} = {9CBE2520-3A83-3B0F-A891-D6C031ED6426}
	EndProjectSection
EndProject
Project("{8BC9CEB8-8B4A-11D0-8D11-00A0C91BC942}") = "zlibstatic", "lib\assimp\contrib\zlib\zlibstatic.vcxproj", "{D168C493-A60D-37AD-B46E-932348FF955E}"
	ProjectSection(ProjectDependencies) = postProject
		{9CBE2520-3A83-3B0F-A891-D6C031ED6426} = {9CBE2520-3A83-3B0F-A891-D6C031ED6426}
	EndProjectSection
EndProject
Global
	GlobalSection(SolutionConfigurationPlatforms) = preSolution
		Debug|x64 = Debug|x64
		Release|x64 = Release|x64
		MinSizeRel|x64 = MinSizeRel|x64
		RelWithDebInfo|x64 = RelWithDebInfo|x64
	EndGlobalSection
	GlobalSection(ProjectConfigurationPlatforms) = postSolution
		{F25D62A7-4CD6-3F80-8596-CA4950C3169F}.Debug|x64.ActiveCfg = Debug|x64
		{F25D62A7-4CD6-3F80-8596-CA4950C3169F}.Debug|x64.Build.0 = Debug|x64
		{F25D62A7-4CD6-3F80-8596-CA4950C3169F}.Release|x64.ActiveCfg = Release|x64
		{F25D62A7-4CD6-3F80-8596-CA4950C3169F}.Release|x64.Build.0 = Release|x64
		{F25D62A7-4CD6-3F80-8596-CA4950C3169F}.MinSizeRel|x64.ActiveCfg = MinSizeRel|x64
		{F25D62A7-4CD6-3F80-8596-CA4950C3169F}.MinSizeRel|x64.Build.0 = MinSizeRel|x64
		{F25D62A7-4CD6-3F80-8596-CA4950C3169F}.RelWithDebInfo|x64.ActiveCfg = RelWithDebInfo|x64
		{F25D62A7-4CD6-3F80-8596-CA4950C3169F}.RelWithDebInfo|x64.Build.0 = RelWithDebInfo|x64
		{7E6E67A9-CB70-39CD-BC75-A3FE8B98E3A9}.Debug|x64.ActiveCfg = Debug|x64
		{7E6E67A9-CB70-39CD-BC75-A3FE8B98E3A9}.Release|x64.ActiveCfg = Release|x64
		{7E6E67A9-CB70-39CD-BC75-A3FE8B98E3A9}.MinSizeRel|x64.ActiveCfg = MinSizeRel|x64
		{7E6E67A9-CB70-39CD-BC75-A3FE8B98E3A9}.RelWithDebInfo|x64.ActiveCfg = RelWithDebInfo|x64
		{1E38D722-8DF6-3988-9ED3-30DE9AFFD5F2}.Debug|x64.ActiveCfg = Debug|x64
		{1E38D722-8DF6-3988-9ED3-30DE9AFFD5F2}.Debug|x64.Build.0 = Debug|x64
		{1E38D722-8DF6-3988-9ED3-30DE9AFFD5F2}.Release|x64.ActiveCfg = Release|x64
		{1E38D722-8DF6-3988-9ED3-30DE9AFFD5F2}.Release|x64.Build.0 = Release|x64
		{1E38D722-8DF6-3988-9ED3-30DE9AFFD5F2}.MinSizeRel|x64.ActiveCfg = MinSizeRel|x64
		{1E38D722-8DF6-3988-9ED3-30DE9AFFD5F2}.MinSizeRel|x64.Build.0 = MinSizeRel|x64
		{1E38D722-8DF6-3988-9ED3-30DE9AFFD5F2}.RelWithDebInfo|x64.ActiveCfg = RelWithDebInfo|x64
		{1E38D722-8DF6-3988-9ED3-30DE9AFFD5F2}.RelWithDebInfo|x64.Build.0 = RelWithDebInfo|x64
		{4E48D29B-A0DE-34DD-8A4C-86E10F0DFF3F}.Debug|x64.ActiveCfg = Debug|x64
		{4E48D29B-A0DE-34DD-8A4C-86E10F0DFF3F}.Release|x64.ActiveCfg = Release|x64
		{4E48D29B-A0DE-34DD-8A4C-86E10F0DFF3F}.MinSizeRel|x64.ActiveCfg = MinSizeRel|x64
		{4E48D29B-A0DE-34DD-8A4C-86E10F0DFF3F}.RelWithDebInfo|x64.ActiveCfg = RelWithDebInfo|x64
		{9CBE2520-3A83-3B0F-A891-D6C031ED6426}.Debug|x64.ActiveCfg = Debug|x64
		{9CBE2520-3A83-3B0F-A891-D6C031ED6426}.Debug|x64.Build.0 = Debug|x64
		{9CBE2520-3A83-3B0F-A891-D6C031ED6426}.Release|x64.ActiveCfg = Release|x64
		{9CBE2520-3A83-3B0F-A891-D6C031ED6426}.Release|x64.Build.0 = Release|x64
		{9CBE2520-3A83-3B0F-A891-D6C031ED6426}.MinSizeRel|x64.ActiveCfg = MinSizeRel|x64
		{9CBE2520-3A83-3B0F-A891-D6C031ED6426}.MinSizeRel|x64.Build.0 = MinSizeRel|x64
		{9CBE2520-3A83-3B0F-A891-D6C031ED6426}.RelWithDebInfo|x64.ActiveCfg = RelWithDebInfo|x64
		{9CBE2520-3A83-3B0F-A891-D6C031ED6426}.RelWithDebInfo|x64.Build.0 = RelWithDebInfo|x64
		{7DC26A5E-2F17-38B5-B577-8E16D77B5524}.Debug|x64.ActiveCfg = Debug|x64
		{7DC26A5E-2F17-38B5-B577-8E16D77B5524}.Debug|x64.Build.0 = Debug|x64
		{7DC26A5E-2F17-38B5-B577-8E16D77B5524}.Release|x64.ActiveCfg = Release|x64
		{7DC26A5E-2F17-38B5-B577-8E16D77B5524}.Release|x64.Build.0 = Release|x64
		{7DC26A5E-2F17-38B5-B577-8E16D77B5524}.MinSizeRel|x64.ActiveCfg = MinSizeRel|x64
		{7DC26A5E-2F17-38B5-B577-8E16D77B5524}.MinSizeRel|x64.Build.0 = MinSizeRel|x64
		{7DC26A5E-2F17-38B5-B577-8E16D77B5524}.RelWithDebInfo|x64.ActiveCfg = RelWithDebInfo|x64
		{7DC26A5E-2F17-38B5-B577-8E16D77B5524}.RelWithDebInfo|x64.Build.0 = RelWithDebInfo|x64
		{9635DAB2-FA75-34B1-BD61-802091659E06}.Debug|x64.ActiveCfg = Debug|x64
		{9635DAB2-FA75-34B1-BD61-802091659E06}.Debug|x64.Build.0 = Debug|x64
		{9635DAB2-FA75-34B1-BD61-802091659E06}.Release|x64.ActiveCfg = Release|x64
		{9635DAB2-FA75-34B1-BD61-802091659E06}.Release|x64.Build.0 = Release|x64
		{9635DAB2-FA75-34B1-BD61-802091659E06}.MinSizeRel|x64.ActiveCfg = MinSizeRel|x64
		{9635DAB2-FA75-34B1-BD61-802091659E06}.MinSizeRel|x64.Build.0 = MinSizeRel|x64
		{9635DAB2-FA75-34B1-BD61-802091659E06}.RelWithDebInfo|x64.ActiveCfg = RelWithDebInfo|x64
		{9635DAB2-FA75-34B1-BD61-802091659E06}.RelWithDebInfo|x64.Build.0 = RelWithDebInfo|x64
		{E7885323-65F0-3865-BE4D-656E32664302}.Debug|x64.ActiveCfg = Debug|x64
		{E7885323-65F0-3865-BE4D-656E32664302}.Debug|x64.Build.0 = Debug|x64
		{E7885323-65F0-3865-BE4D-656E32664302}.Release|x64.ActiveCfg = Release|x64
		{E7885323-65F0-3865-BE4D-656E32664302}.Release|x64.Build.0 = Release|x64
		{E7885323-65F0-3865-BE4D-656E32664302}.MinSizeRel|x64.ActiveCfg = MinSizeRel|x64
		{E7885323-65F0-3865-BE4D-656E32664302}.MinSizeRel|x64.Build.0 = MinSizeRel|x64
		{E7885323-65F0-3865-BE4D-656E32664302}.RelWithDebInfo|x64.ActiveCfg = RelWithDebInfo|x64
		{E7885323-65F0-3865-BE4D-656E32664302}.RelWithDebInfo|x64.Build.0 = RelWithDebInfo|x64
		{2602EC20-E768-3484-AFD3-F3C745F5E4E9}.Debug|x64.ActiveCfg = Debug|x64
		{2602EC20-E768-3484-AFD3-F3C745F5E4E9}.Debug|x64.Build.0 = Debug|x64
		{2602EC20-E768-3484-AFD3-F3C745F5E4E9}.Release|x64.ActiveCfg = Release|x64
		{2602EC20-E768-3484-AFD3-F3C745F5E4E9}.Release|x64.Build.0 = Release|x64
		{2602EC20-E768-3484-AFD3-F3C745F5E4E9}.MinSizeRel|x64.ActiveCfg = MinSizeRel|x64
		{2602EC20-E768-3484-AFD3-F3C745F5E4E9}.MinSizeRel|x64.Build.0 = MinSizeRel|x64
		{2602EC20-E768-3484-AFD3-F3C745F5E4E9}.RelWithDebInfo|x64.ActiveCfg = RelWithDebInfo|x64
		{2602EC20-E768-3484-AFD3-F3C745F5E4E9}.RelWithDebInfo|x64.Build.0 = RelWithDebInfo|x64
		{7F920DDD-A7FE-37E8-A2DF-860BA36800AA}.Debug|x64.ActiveCfg = Debug|x64
		{7F920DDD-A7FE-37E8-A2DF-860BA36800AA}.Debug|x64.Build.0 = Debug|x64
		{7F920DDD-A7FE-37E8-A2DF-860BA36800AA}.Release|x64.ActiveCfg = Release|x64
		{7F920DDD-A7FE-37E8-A2DF-860BA36800AA}.Release|x64.Build.0 = Release|x64
		{7F920DDD-A7FE-37E8-A2DF-860BA36800AA}.MinSizeRel|x64.ActiveCfg = MinSizeRel|x64
		{7F920DDD-A7FE-37E8-A2DF-860BA36800AA}.MinSizeRel|x64.Build.0 = MinSizeRel|x64
		{7F920DDD-A7FE-37E8-A2DF-860BA36800AA}.RelWithDebInfo|x64.ActiveCfg = RelWithDebInfo|x64
		{7F920DDD-A7FE-37E8-A2DF-860BA36800AA}.RelWithDebInfo|x64.Build.0 = RelWithDebInfo|x64
		{6DC83391-8E83-3AB0-A523-C3F4D811BAC1}.Debug|x64.ActiveCfg = Debug|x64
		{6DC83391-8E83-3AB0-A523-C3F4D811BAC1}.Debug|x64.Build.0 = Debug|x64
		{6DC83391-8E83-3AB0-A523-C3F4D811BAC1}.Release|x64.ActiveCfg = Release|x64
		{6DC83391-8E83-3AB0-A523-C3F4D811BAC1}.Release|x64.Build.0 = Release|x64
		{6DC83391-8E83-3AB0-A523-C3F4D811BAC1}.MinSizeRel|x64.ActiveCfg = MinSizeRel|x64
		{6DC83391-8E83-3AB0-A523-C3F4D811BAC1}.MinSizeRel|x64.Build.0 = MinSizeRel|x64
		{6DC83391-8E83-3AB0-A523-C3F4D811BAC1}.RelWithDebInfo|x64.ActiveCfg = RelWithDebInfo|x64
		{6DC83391-8E83-3AB0-A523-C3F4D811BAC1}.RelWithDebInfo|x64.Build.0 = RelWithDebInfo|x64
		{44418265-8D92-39EC-B4D0-57778135D814}.Debug|x64.ActiveCfg = Debug|x64
		{44418265-8D92-39EC-B4D0-57778135D814}.Release|x64.ActiveCfg = Release|x64
		{44418265-8D92-39EC-B4D0-57778135D814}.MinSizeRel|x64.ActiveCfg = MinSizeRel|x64
		{44418265-8D92-39EC-B4D0-57778135D814}.RelWithDebInfo|x64.ActiveCfg = RelWithDebInfo|x64
		{9DC2EBEA-9013-39C5-99B4-D38A29DA847A}.Debug|x64.ActiveCfg = Debug|x64
		{9DC2EBEA-9013-39C5-99B4-D38A29DA847A}.Debug|x64.Build.0 = Debug|x64
		{9DC2EBEA-9013-39C5-99B4-D38A29DA847A}.Release|x64.ActiveCfg = Release|x64
		{9DC2EBEA-9013-39C5-99B4-D38A29DA847A}.Release|x64.Build.0 = Release|x64
		{9DC2EBEA-9013-39C5-99B4-D38A29DA847A}.MinSizeRel|x64.ActiveCfg = MinSizeRel|x64
		{9DC2EBEA-9013-39C5-99B4-D38A29DA847A}.MinSizeRel|x64.Build.0 = MinSizeRel|x64
		{9DC2EBEA-9013-39C5-99B4-D38A29DA847A}.RelWithDebInfo|x64.ActiveCfg = RelWithDebInfo|x64
		{9DC2EBEA-9013-39C5-99B4-D38A29DA847A}.RelWithDebInfo|x64.Build.0 = RelWithDebInfo|x64
		{D168C493-A60D-37AD-B46E-932348FF955E}.Debug|x64.ActiveCfg = Debug|x64
		{D168C493-A60D-37AD-B46E-932348FF955E}.Debug|x64.Build.0 = Debug|x64
		{D168C493-A60D-37AD-B46E-932348FF955E}.Release|x64.ActiveCfg = Release|x64
		{D168C493-A60D-37AD-B46E-932348FF955E}.Release|x64.Build.0 = Release|x64
		{D168C493-A60D-37AD-B46E-932348FF955E}.MinSizeRel|x64.ActiveCfg = MinSizeRel|x64
		{D168C493-A60D-37AD-B46E-932348FF955E}.MinSizeRel|x64.Build.0 = MinSizeRel|x64
		{D168C493-A60D-37AD-B46E-932348FF955E}.RelWithDebInfo|x64.ActiveCfg = RelWithDebInfo|x64
		{D168C493-A60D-37AD-B46E-932348FF955E}.RelWithDebInfo|x64.Build.0 = RelWithDebInfo|x64
	EndGlobalSection
	GlobalSection(NestedProjects) = preSolution
		{F25D62A7-4CD6-3F80-8596-CA4950C3169F} = {AF9C804D-EF2B-3222-9BDB-D27933D27B46}
		{7E6E67A9-CB70-39CD-BC75-A3FE8B98E3A9} = {AF9C804D-EF2B-3222-9BDB-D27933D27B46}
		{9CBE2520-3A83-3B0F-A891-D6C031ED6426} = {AF9C804D-EF2B-3222-9BDB-D27933D27B46}
		{7DC26A5E-2F17-38B5-B577-8E16D77B5524} = {140B93CD-0C06-31CB-9AA5-9ED4D23DC231}
		{9635DAB2-FA75-34B1-BD61-802091659E06} = {140B93CD-0C06-31CB-9AA5-9ED4D23DC231}
		{E7885323-65F0-3865-BE4D-656E32664302} = {140B93CD-0C06-31CB-9AA5-9ED4D23DC231}
		{6DC83391-8E83-3AB0-A523-C3F4D811BAC1} = {140B93CD-0C06-31CB-9AA5-9ED4D23DC231}
		{1E38D722-8DF6-3988-9ED3-30DE9AFFD5F2} = {181FAEA2-A0D6-3EBA-9835-301CD6ED0E95}
		{4E48D29B-A0DE-34DD-8A4C-86E10F0DFF3F} = {181FAEA2-A0D6-3EBA-9835-301CD6ED0E95}
		{2602EC20-E768-3484-AFD3-F3C745F5E4E9} = {181FAEA2-A0D6-3EBA-9835-301CD6ED0E95}
		{7F920DDD-A7FE-37E8-A2DF-860BA36800AA} = {181FAEA2-A0D6-3EBA-9835-301CD6ED0E95}
		{44418265-8D92-39EC-B4D0-57778135D814} = {181FAEA2-A0D6-3EBA-9835-301CD6ED0E95}
		{9DC2EBEA-9013-39C5-99B4-D38A29DA847A} = {181FAEA2-A0D6-3EBA-9835-301CD6ED0E95}
		{D168C493-A60D-37AD-B46E-932348FF955E} = {181FAEA2-A0D6-3EBA-9835-301CD6ED0E95}
	EndGlobalSection
	GlobalSection(ExtensibilityGlobals) = postSolution
		SolutionGuid = {13534EF0-69E3-3CE4-B748-14A66F51AE43}
	EndGlobalSection
	GlobalSection(ExtensibilityAddIns) = postSolution
	EndGlobalSection
EndGlobal
