<?xml version="1.0" encoding="utf-8"?>
<Project ToolsVersion="15.0" xmlns="http://schemas.microsoft.com/developer/msbuild/2003">
  <ItemGroup>
    <ClCompile Include="C:\set08116\labs\framework\src\app.cpp">
      <Filter>Source Files</Filter>
    </ClCompile>
    <ClCompile Include="C:\set08116\labs\framework\src\arc_ball_camera.cpp">
      <Filter>Source Files</Filter>
    </ClCompile>
    <ClCompile Include="C:\set08116\labs\framework\src\chase_camera.cpp">
      <Filter>Source Files</Filter>
    </ClCompile>
    <ClCompile Include="C:\set08116\labs\framework\src\cubemap.cpp">
      <Filter>Source Files</Filter>
    </ClCompile>
    <ClCompile Include="C:\set08116\labs\framework\src\depth_buffer.cpp">
      <Filter>Source Files</Filter>
    </ClCompile>
    <ClCompile Include="C:\set08116\labs\framework\src\directional_light.cpp">
      <Filter>Source Files</Filter>
    </ClCompile>
    <ClCompile Include="C:\set08116\labs\framework\src\effect.cpp">
      <Filter>Source Files</Filter>
    </ClCompile>
    <ClCompile Include="C:\set08116\labs\framework\src\frame_buffer.cpp">
      <Filter>Source Files</Filter>
    </ClCompile>
    <ClCompile Include="C:\set08116\labs\framework\src\free_camera.cpp">
      <Filter>Source Files</Filter>
    </ClCompile>
    <ClCompile Include="C:\set08116\labs\framework\src\geometry.cpp">
      <Filter>Source Files</Filter>
    </ClCompile>
    <ClCompile Include="C:\set08116\labs\framework\src\geometry_builder.cpp">
      <Filter>Source Files</Filter>
    </ClCompile>
    <ClCompile Include="C:\set08116\labs\framework\src\renderer.cpp">
      <Filter>Source Files</Filter>
    </ClCompile>
    <ClCompile Include="C:\set08116\labs\framework\src\shadow_map.cpp">
      <Filter>Source Files</Filter>
    </ClCompile>
    <ClCompile Include="C:\set08116\labs\framework\src\stdafx.cpp">
      <Filter>Source Files</Filter>
    </ClCompile>
    <ClCompile Include="C:\set08116\labs\framework\src\target_camera.cpp">
      <Filter>Source Files</Filter>
    </ClCompile>
    <ClCompile Include="C:\set08116\labs\framework\src\terrain.cpp">
      <Filter>Source Files</Filter>
    </ClCompile>
    <ClCompile Include="C:\set08116\labs\framework\src\texture.cpp">
      <Filter>Source Files</Filter>
    </ClCompile>
    <ClCompile Include="C:\set08116\labs\framework\src\util.cpp">
      <Filter>Source Files</Filter>
    </ClCompile>
  </ItemGroup>
  <ItemGroup>
    <ClInclude Include="C:\set08116\labs\framework\src\app.h">
      <Filter>Header Files</Filter>
    </ClInclude>
    <ClInclude Include="C:\set08116\labs\framework\src\arc_ball_camera.h">
      <Filter>Header Files</Filter>
    </ClInclude>
    <ClInclude Include="C:\set08116\labs\framework\src\camera.h">
      <Filter>Header Files</Filter>
    </ClInclude>
    <ClInclude Include="C:\set08116\labs\framework\src\chase_camera.h">
      <Filter>Header Files</Filter>
    </ClInclude>
    <ClInclude Include="C:\set08116\labs\framework\src\cubemap.h">
      <Filter>Header Files</Filter>
    </ClInclude>
    <ClInclude Include="C:\set08116\labs\framework\src\depth_buffer.h">
      <Filter>Header Files</Filter>
    </ClInclude>
    <ClInclude Include="C:\set08116\labs\framework\src\directional_light.h">
      <Filter>Header Files</Filter>
    </ClInclude>
    <ClInclude Include="C:\set08116\labs\framework\src\effect.h">
      <Filter>Header Files</Filter>
    </ClInclude>
    <ClInclude Include="C:\set08116\labs\framework\src\frame_buffer.h">
      <Filter>Header Files</Filter>
    </ClInclude>
    <ClInclude Include="C:\set08116\labs\framework\src\free_camera.h">
      <Filter>Header Files</Filter>
    </ClInclude>
    <ClInclude Include="C:\set08116\labs\framework\src\geometry.h">
      <Filter>Header Files</Filter>
    </ClInclude>
    <ClInclude Include="C:\set08116\labs\framework\src\geometry_builder.h">
      <Filter>Header Files</Filter>
    </ClInclude>
    <ClInclude Include="C:\set08116\labs\framework\src\graphics_framework.h">
      <Filter>Header Files</Filter>
    </ClInclude>
    <ClInclude Include="C:\set08116\labs\framework\src\material.h">
      <Filter>Header Files</Filter>
    </ClInclude>
    <ClInclude Include="C:\set08116\labs\framework\src\mesh.h">
      <Filter>Header Files</Filter>
    </ClInclude>
    <ClInclude Include="C:\set08116\labs\framework\src\point_light.h">
      <Filter>Header Files</Filter>
    </ClInclude>
    <ClInclude Include="C:\set08116\labs\framework\src\renderer.h">
      <Filter>Header Files</Filter>
    </ClInclude>
    <ClInclude Include="C:\set08116\labs\framework\src\shadow_map.h">
      <Filter>Header Files</Filter>
    </ClInclude>
    <ClInclude Include="C:\set08116\labs\framework\src\spot_light.h">
      <Filter>Header Files</Filter>
    </ClInclude>
    <ClInclude Include="C:\set08116\labs\framework\src\stdafx.h">
      <Filter>Header Files</Filter>
    </ClInclude>
    <ClInclude Include="C:\set08116\labs\framework\src\target_camera.h">
      <Filter>Header Files</Filter>
    </ClInclude>
    <ClInclude Include="C:\set08116\labs\framework\src\terrain.h">
      <Filter>Header Files</Filter>
    </ClInclude>
    <ClInclude Include="C:\set08116\labs\framework\src\texture.h">
      <Filter>Header Files</Filter>
    </ClInclude>
    <ClInclude Include="C:\set08116\labs\framework\src\transform.h">
      <Filter>Header Files</Filter>
    </ClInclude>
    <ClInclude Include="C:\set08116\labs\framework\src\util.h">
      <Filter>Header Files</Filter>
    </ClInclude>
    <ClInclude Include="C:\set08116\labs\framework\lib\stb_image.h">
      <Filter>Header Files</Filter>
    </ClInclude>
    <ClInclude Include="C:\set08116\labs\framework\lib\stb_image_write.h">
      <Filter>Header Files</Filter>
    </ClInclude>
  </ItemGroup>
  <ItemGroup>
    <CustomBuild Include="C:\set08116\labs\framework\CMakeLists.txt" />
  </ItemGroup>
  <ItemGroup>
    <Filter Include="Header Files">
      <UniqueIdentifier>{5387202A-09AC-3474-9F6A-C6FD8AA4C162}</UniqueIdentifier>
    </Filter>
    <Filter Include="Source Files">
      <UniqueIdentifier>{E5885A28-DB09-34E7-B9E5-2F86564A292B}</UniqueIdentifier>
    </Filter>
  </ItemGroup>
</Project>
