Microsoft Visual Studio Solution File, Format Version 12.00
# Visual Studio 15
Project("{2150E333-8FDC-42A3-9474-1A3956D46DE8}") = "CMakePredefinedTargets", "CMakePredefinedTargets", "{AF9C804D-EF2B-3222-9BDB-D27933D27B46}"
EndProject
Project("{2150E333-8FDC-42A3-9474-1A3956D46DE8}") = "JUNK", "JUNK", "{181FAEA2-A0D6-3EBA-9835-301CD6ED0E95}"
EndProject
Project("{8BC9CEB8-8B4A-11D0-8D11-00A0C91BC942}") = "ALL_BUILD", "ALL_BUILD.vcxproj", "{F25D62A7-4CD6-3F80-8596-CA4950C3169F}"
	ProjectSection(ProjectDependencies) = postProject
		{9CBE2520-3A83-3B0F-A891-D6C031ED6426} = {9CBE2520-3A83-3B0F-A891-D6C031ED6426}
		{9DC2EBEA-9013-39C5-99B4-D38A29DA847A} = {9DC2EBEA-9013-39C5-99B4-D38A29DA847A}
		{D168C493-A60D-37AD-B46E-932348FF955E} = {D168C493-A60D-37AD-B46E-932348FF955E}
	EndProjectSection
EndProject
Project("{8BC9CEB8-8B4A-11D0-8D11-00A0C91BC942}") = "INSTALL", "INSTALL.vcxproj", "{7E6E67A9-CB70-39CD-BC75-A3FE8B98E3A9}"
	ProjectSection(ProjectDependencies) = postProject
		{F25D62A7-4CD6-3F80-8596-CA4950C3169F} = {F25D62A7-4CD6-3F80-8596-CA4950C3169F}
		{9CBE2520-3A83-3B0F-A891-D6C031ED6426} = {9CBE2520-3A83-3B0F-A891-D6C031ED6426}
	EndProjectSection
EndProject
Project("{8BC9CEB8-8B4A-11D0-8D11-00A0C91BC942}") = "ZERO_CHECK", "..\..\..\..\..\\ZERO_CHECK.vcxproj", "{9CBE2520-3A83-3B0F-A891-D6C031ED6426}"
	ProjectSection(ProjectDependencies) = postProject
	EndProjectSection
EndProject
Project("{8BC9CEB8-8B4A-11D0-8D11-00A0C91BC942}") = "zlib", "zlib.vcxproj", "{9DC2EBEA-9013-39C5-99B4-D38A29DA847A}"
	ProjectSection(ProjectDependencies) = postProject
		{9CBE2520-3A83-3B0F-A891-D6C031ED6426} = {9CBE2520-3A83-3B0F-A891-D6C031ED6426}
	EndProjectSection
EndProject
Project("{8BC9CEB8-8B4A-11D0-8D11-00A0C91BC942}") = "zlibstatic", "zlibstatic.vcxproj", "{D168C493-A60D-37AD-B46E-932348FF955E}"
	ProjectSection(ProjectDependencies) = postProject
		{9CBE2520-3A83-3B0F-A891-D6C031ED6426} = {9CBE2520-3A83-3B0F-A891-D6C031ED6426}
	EndProjectSection
EndProject
Global
	GlobalSection(SolutionConfigurationPlatforms) = preSolution
		Debug|x64 = Debug|x64
		Release|x64 = Release|x64
		MinSizeRel|x64 = MinSizeRel|x64
		RelWithDebInfo|x64 = RelWithDebInfo|x64
	EndGlobalSection
	GlobalSection(ProjectConfigurationPlatforms) = postSolution
		{F25D62A7-4CD6-3F80-8596-CA4950C3169F}.Debug|x64.ActiveCfg = Debug|x64
		{F25D62A7-4CD6-3F80-8596-CA4950C3169F}.Debug|x64.Build.0 = Debug|x64
		{F25D62A7-4CD6-3F80-8596-CA4950C3169F}.Release|x64.ActiveCfg = Release|x64
		{F25D62A7-4CD6-3F80-8596-CA4950C3169F}.Release|x64.Build.0 = Release|x64
		{F25D62A7-4CD6-3F80-8596-CA4950C3169F}.MinSizeRel|x64.ActiveCfg = MinSizeRel|x64
		{F25D62A7-4CD6-3F80-8596-CA4950C3169F}.MinSizeRel|x64.Build.0 = MinSizeRel|x64
		{F25D62A7-4CD6-3F80-8596-CA4950C3169F}.RelWithDebInfo|x64.ActiveCfg = RelWithDebInfo|x64
		{F25D62A7-4CD6-3F80-8596-CA4950C3169F}.RelWithDebInfo|x64.Build.0 = RelWithDebInfo|x64
		{7E6E67A9-CB70-39CD-BC75-A3FE8B98E3A9}.Debug|x64.ActiveCfg = Debug|x64
		{7E6E67A9-CB70-39CD-BC75-A3FE8B98E3A9}.Release|x64.ActiveCfg = Release|x64
		{7E6E67A9-CB70-39CD-BC75-A3FE8B98E3A9}.MinSizeRel|x64.ActiveCfg = MinSizeRel|x64
		{7E6E67A9-CB70-39CD-BC75-A3FE8B98E3A9}.RelWithDebInfo|x64.ActiveCfg = RelWithDebInfo|x64
		{9CBE2520-3A83-3B0F-A891-D6C031ED6426}.Debug|x64.ActiveCfg = Debug|x64
		{9CBE2520-3A83-3B0F-A891-D6C031ED6426}.Debug|x64.Build.0 = Debug|x64
		{9CBE2520-3A83-3B0F-A891-D6C031ED6426}.Release|x64.ActiveCfg = Release|x64
		{9CBE2520-3A83-3B0F-A891-D6C031ED6426}.Release|x64.Build.0 = Release|x64
		{9CBE2520-3A83-3B0F-A891-D6C031ED6426}.MinSizeRel|x64.ActiveCfg = MinSizeRel|x64
		{9CBE2520-3A83-3B0F-A891-D6C031ED6426}.MinSizeRel|x64.Build.0 = MinSizeRel|x64
		{9CBE2520-3A83-3B0F-A891-D6C031ED6426}.RelWithDebInfo|x64.ActiveCfg = RelWithDebInfo|x64
		{9CBE2520-3A83-3B0F-A891-D6C031ED6426}.RelWithDebInfo|x64.Build.0 = RelWithDebInfo|x64
		{9DC2EBEA-9013-39C5-99B4-D38A29DA847A}.Debug|x64.ActiveCfg = Debug|x64
		{9DC2EBEA-9013-39C5-99B4-D38A29DA847A}.Debug|x64.Build.0 = Debug|x64
		{9DC2EBEA-9013-39C5-99B4-D38A29DA847A}.Release|x64.ActiveCfg = Release|x64
		{9DC2EBEA-9013-39C5-99B4-D38A29DA847A}.Release|x64.Build.0 = Release|x64
		{9DC2EBEA-9013-39C5-99B4-D38A29DA847A}.MinSizeRel|x64.ActiveCfg = MinSizeRel|x64
		{9DC2EBEA-9013-39C5-99B4-D38A29DA847A}.MinSizeRel|x64.Build.0 = MinSizeRel|x64
		{9DC2EBEA-9013-39C5-99B4-D38A29DA847A}.RelWithDebInfo|x64.ActiveCfg = RelWithDebInfo|x64
		{9DC2EBEA-9013-39C5-99B4-D38A29DA847A}.RelWithDebInfo|x64.Build.0 = RelWithDebInfo|x64
		{D168C493-A60D-37AD-B46E-932348FF955E}.Debug|x64.ActiveCfg = Debug|x64
		{D168C493-A60D-37AD-B46E-932348FF955E}.Debug|x64.Build.0 = Debug|x64
		{D168C493-A60D-37AD-B46E-932348FF955E}.Release|x64.ActiveCfg = Release|x64
		{D168C493-A60D-37AD-B46E-932348FF955E}.Release|x64.Build.0 = Release|x64
		{D168C493-A60D-37AD-B46E-932348FF955E}.MinSizeRel|x64.ActiveCfg = MinSizeRel|x64
		{D168C493-A60D-37AD-B46E-932348FF955E}.MinSizeRel|x64.Build.0 = MinSizeRel|x64
		{D168C493-A60D-37AD-B46E-932348FF955E}.RelWithDebInfo|x64.ActiveCfg = RelWithDebInfo|x64
		{D168C493-A60D-37AD-B46E-932348FF955E}.RelWithDebInfo|x64.Build.0 = RelWithDebInfo|x64
	EndGlobalSection
	GlobalSection(NestedProjects) = preSolution
		{F25D62A7-4CD6-3F80-8596-CA4950C3169F} = {AF9C804D-EF2B-3222-9BDB-D27933D27B46}
		{7E6E67A9-CB70-39CD-BC75-A3FE8B98E3A9} = {AF9C804D-EF2B-3222-9BDB-D27933D27B46}
		{9CBE2520-3A83-3B0F-A891-D6C031ED6426} = {AF9C804D-EF2B-3222-9BDB-D27933D27B46}
		{9DC2EBEA-9013-39C5-99B4-D38A29DA847A} = {181FAEA2-A0D6-3EBA-9835-301CD6ED0E95}
		{D168C493-A60D-37AD-B46E-932348FF955E} = {181FAEA2-A0D6-3EBA-9835-301CD6ED0E95}
	EndGlobalSection
	GlobalSection(ExtensibilityGlobals) = postSolution
		SolutionGuid = {F10F6809-5A20-3C35-8F99-86DBECBFFDEC}
	EndGlobalSection
	GlobalSection(ExtensibilityAddIns) = postSolution
	EndGlobalSection
EndGlobal
